
Microsoft Visual Studio Solution File, Format Version 12.00
# Visual Studio 15
VisualStudioVersion = 15.0.28307.1000
MinimumVisualStudioVersion = 10.0.40219.1
Project("{FAE04EC0-301F-11D3-BF4B-00C04F79EFBC}") = "DemoProject", "DemoProject\DemoProject.csproj", "{F85BB4D6-A05F-48FD-968B-47F7D1E65E75}"
EndProject
Project("{9A19103F-16F7-4668-BE54-9A1E7A4F7556}") = "DataBase", "DataBase\DataBase.csproj", "{9E3B32A3-4065-4120-8041-FE7A9F3BD24C}"
EndProject
Project("{FAE04EC0-301F-11D3-BF4B-00C04F79EFBC}") = "BusinessLogic", "BusinessLogic\BusinessLogic.csproj", "{CC04E0DD-1319-4E6C-B36C-F34B19B98DA0}"
EndProject
Global
	GlobalSection(SolutionConfigurationPlatforms) = preSolution
		Debug|Any CPU = Debug|Any CPU
		Debug|ARM = Debug|ARM
		Debug|ARM64 = Debug|ARM64
		Debug|x64 = Debug|x64
		Debug|x86 = Debug|x86
		Release|Any CPU = Release|Any CPU
		Release|ARM = Release|ARM
		Release|ARM64 = Release|ARM64
		Release|x64 = Release|x64
		Release|x86 = Release|x86
	EndGlobalSection
	GlobalSection(ProjectConfigurationPlatforms) = postSolution
		{F85BB4D6-A05F-48FD-968B-47F7D1E65E75}.Debug|Any CPU.ActiveCfg = Debug|x86
		{F85BB4D6-A05F-48FD-968B-47F7D1E65E75}.Debug|ARM.ActiveCfg = Debug|ARM
		{F85BB4D6-A05F-48FD-968B-47F7D1E65E75}.Debug|ARM.Build.0 = Debug|ARM
		{F85BB4D6-A05F-48FD-968B-47F7D1E65E75}.Debug|ARM.Deploy.0 = Debug|ARM
		{F85BB4D6-A05F-48FD-968B-47F7D1E65E75}.Debug|ARM64.ActiveCfg = Debug|ARM64
		{F85BB4D6-A05F-48FD-968B-47F7D1E65E75}.Debug|ARM64.Build.0 = Debug|ARM64
		{F85BB4D6-A05F-48FD-968B-47F7D1E65E75}.Debug|ARM64.Deploy.0 = Debug|ARM64
		{F85BB4D6-A05F-48FD-968B-47F7D1E65E75}.Debug|x64.ActiveCfg = Debug|x64
		{F85BB4D6-A05F-48FD-968B-47F7D1E65E75}.Debug|x64.Build.0 = Debug|x64
		{F85BB4D6-A05F-48FD-968B-47F7D1E65E75}.Debug|x64.Deploy.0 = Debug|x64
		{F85BB4D6-A05F-48FD-968B-47F7D1E65E75}.Debug|x86.ActiveCfg = Debug|x86
		{F85BB4D6-A05F-48FD-968B-47F7D1E65E75}.Debug|x86.Build.0 = Debug|x86
		{F85BB4D6-A05F-48FD-968B-47F7D1E65E75}.Debug|x86.Deploy.0 = Debug|x86
		{F85BB4D6-A05F-48FD-968B-47F7D1E65E75}.Release|Any CPU.ActiveCfg = Release|x86
		{F85BB4D6-A05F-48FD-968B-47F7D1E65E75}.Release|ARM.ActiveCfg = Release|ARM
		{F85BB4D6-A05F-48FD-968B-47F7D1E65E75}.Release|ARM.Build.0 = Release|ARM
		{F85BB4D6-A05F-48FD-968B-47F7D1E65E75}.Release|ARM.Deploy.0 = Release|ARM
		{F85BB4D6-A05F-48FD-968B-47F7D1E65E75}.Release|ARM64.ActiveCfg = Release|ARM64
		{F85BB4D6-A05F-48FD-968B-47F7D1E65E75}.Release|ARM64.Build.0 = Release|ARM64
		{F85BB4D6-A05F-48FD-968B-47F7D1E65E75}.Release|ARM64.Deploy.0 = Release|ARM64
		{F85BB4D6-A05F-48FD-968B-47F7D1E65E75}.Release|x64.ActiveCfg = Release|x64
		{F85BB4D6-A05F-48FD-968B-47F7D1E65E75}.Release|x64.Build.0 = Release|x64
		{F85BB4D6-A05F-48FD-968B-47F7D1E65E75}.Release|x64.Deploy.0 = Release|x64
		{F85BB4D6-A05F-48FD-968B-47F7D1E65E75}.Release|x86.ActiveCfg = Release|x86
		{F85BB4D6-A05F-48FD-968B-47F7D1E65E75}.Release|x86.Build.0 = Release|x86
		{F85BB4D6-A05F-48FD-968B-47F7D1E65E75}.Release|x86.Deploy.0 = Release|x86
		{9E3B32A3-4065-4120-8041-FE7A9F3BD24C}.Debug|Any CPU.ActiveCfg = Debug|Any CPU
		{9E3B32A3-4065-4120-8041-FE7A9F3BD24C}.Debug|Any CPU.Build.0 = Debug|Any CPU
		{9E3B32A3-4065-4120-8041-FE7A9F3BD24C}.Debug|ARM.ActiveCfg = Debug|Any CPU
		{9E3B32A3-4065-4120-8041-FE7A9F3BD24C}.Debug|ARM.Build.0 = Debug|Any CPU
		{9E3B32A3-4065-4120-8041-FE7A9F3BD24C}.Debug|ARM64.ActiveCfg = Debug|Any CPU
		{9E3B32A3-4065-4120-8041-FE7A9F3BD24C}.Debug|ARM64.Build.0 = Debug|Any CPU
		{9E3B32A3-4065-4120-8041-FE7A9F3BD24C}.Debug|x64.ActiveCfg = Debug|Any CPU
		{9E3B32A3-4065-4120-8041-FE7A9F3BD24C}.Debug|x64.Build.0 = Debug|Any CPU
		{9E3B32A3-4065-4120-8041-FE7A9F3BD24C}.Debug|x86.ActiveCfg = Debug|Any CPU
		{9E3B32A3-4065-4120-8041-FE7A9F3BD24C}.Debug|x86.Build.0 = Debug|Any CPU
		{9E3B32A3-4065-4120-8041-FE7A9F3BD24C}.Release|Any CPU.ActiveCfg = Release|Any CPU
		{9E3B32A3-4065-4120-8041-FE7A9F3BD24C}.Release|Any CPU.Build.0 = Release|Any CPU
		{9E3B32A3-4065-4120-8041-FE7A9F3BD24C}.Release|ARM.ActiveCfg = Release|Any CPU
		{9E3B32A3-4065-4120-8041-FE7A9F3BD24C}.Release|ARM.Build.0 = Release|Any CPU
		{9E3B32A3-4065-4120-8041-FE7A9F3BD24C}.Release|ARM64.ActiveCfg = Release|Any CPU
		{9E3B32A3-4065-4120-8041-FE7A9F3BD24C}.Release|ARM64.Build.0 = Release|Any CPU
		{9E3B32A3-4065-4120-8041-FE7A9F3BD24C}.Release|x64.ActiveCfg = Release|Any CPU
		{9E3B32A3-4065-4120-8041-FE7A9F3BD24C}.Release|x64.Build.0 = Release|Any CPU
		{9E3B32A3-4065-4120-8041-FE7A9F3BD24C}.Release|x86.ActiveCfg = Release|Any CPU
		{9E3B32A3-4065-4120-8041-FE7A9F3BD24C}.Release|x86.Build.0 = Release|Any CPU
		{CC04E0DD-1319-4E6C-B36C-F34B19B98DA0}.Debug|Any CPU.ActiveCfg = Debug|Any CPU
		{CC04E0DD-1319-4E6C-B36C-F34B19B98DA0}.Debug|Any CPU.Build.0 = Debug|Any CPU
		{CC04E0DD-1319-4E6C-B36C-F34B19B98DA0}.Debug|ARM.ActiveCfg = Debug|Any CPU
		{CC04E0DD-1319-4E6C-B36C-F34B19B98DA0}.Debug|ARM.Build.0 = Debug|Any CPU
		{CC04E0DD-1319-4E6C-B36C-F34B19B98DA0}.Debug|ARM64.ActiveCfg = Debug|Any CPU
		{CC04E0DD-1319-4E6C-B36C-F34B19B98DA0}.Debug|ARM64.Build.0 = Debug|Any CPU
		{CC04E0DD-1319-4E6C-B36C-F34B19B98DA0}.Debug|x64.ActiveCfg = Debug|Any CPU
		{CC04E0DD-1319-4E6C-B36C-F34B19B98DA0}.Debug|x64.Build.0 = Debug|Any CPU
		{CC04E0DD-1319-4E6C-B36C-F34B19B98DA0}.Debug|x86.ActiveCfg = Debug|Any CPU
		{CC04E0DD-1319-4E6C-B36C-F34B19B98DA0}.Debug|x86.Build.0 = Debug|Any CPU
		{CC04E0DD-1319-4E6C-B36C-F34B19B98DA0}.Release|Any CPU.ActiveCfg = Release|Any CPU
		{CC04E0DD-1319-4E6C-B36C-F34B19B98DA0}.Release|Any CPU.Build.0 = Release|Any CPU
		{CC04E0DD-1319-4E6C-B36C-F34B19B98DA0}.Release|ARM.ActiveCfg = Release|Any CPU
		{CC04E0DD-1319-4E6C-B36C-F34B19B98DA0}.Release|ARM.Build.0 = Release|Any CPU
		{CC04E0DD-1319-4E6C-B36C-F34B19B98DA0}.Release|ARM64.ActiveCfg = Release|Any CPU
		{CC04E0DD-1319-4E6C-B36C-F34B19B98DA0}.Release|ARM64.Build.0 = Release|Any CPU
		{CC04E0DD-1319-4E6C-B36C-F34B19B98DA0}.Release|x64.ActiveCfg = Release|Any CPU
		{CC04E0DD-1319-4E6C-B36C-F34B19B98DA0}.Release|x64.Build.0 = Release|Any CPU
		{CC04E0DD-1319-4E6C-B36C-F34B19B98DA0}.Release|x86.ActiveCfg = Release|Any CPU
		{CC04E0DD-1319-4E6C-B36C-F34B19B98DA0}.Release|x86.Build.0 = Release|Any CPU
	EndGlobalSection
	GlobalSection(SolutionProperties) = preSolution
		HideSolutionNode = FALSE
	EndGlobalSection
	GlobalSection(ExtensibilityGlobals) = postSolution
		SolutionGuid = {A9246F2C-09B6-47CF-B590-4EA9363012A6}
	EndGlobalSection
EndGlobal
